
Microsoft Visual Studio Solution File, Format Version 12.00
# Visual Studio Version 17
VisualStudioVersion = 17.9.34714.143
MinimumVisualStudioVersion = 10.0.40219.1
Project("{FAE04EC0-301F-11D3-BF4B-00C04F79EFBC}") = "PasswordGenerator", "PasswordGenerator\PasswordGenerator.csproj", "{98D34E15-66E5-4AE5-8C9B-E642C19C2C3B}"
EndProject
Global
	GlobalSection(SolutionConfigurationPlatforms) = preSolution
		Debug|Any CPU = Debug|Any CPU
		Release|Any CPU = Release|Any CPU
	EndGlobalSection
	GlobalSection(ProjectConfigurationPlatforms) = postSolution
		{98D34E15-66E5-4AE5-8C9B-E642C19C2C3B}.Debug|Any CPU.ActiveCfg = Debug|Any CPU
		{98D34E15-66E5-4AE5-8C9B-E642C19C2C3B}.Debug|Any CPU.Build.0 = Debug|Any CPU
		{98D34E15-66E5-4AE5-8C9B-E642C19C2C3B}.Release|Any CPU.ActiveCfg = Release|Any CPU
		{98D34E15-66E5-4AE5-8C9B-E642C19C2C3B}.Release|Any CPU.Build.0 = Release|Any CPU
	EndGlobalSection
	GlobalSection(SolutionProperties) = preSolution
		HideSolutionNode = FALSE
	EndGlobalSection
	GlobalSection(ExtensibilityGlobals) = postSolution
		SolutionGuid = {3B581CE3-9F69-4768-969D-5F56C66AF319}
	EndGlobalSection
EndGlobal
